
Microsoft Visual Studio Solution File, Format Version 12.00
# Visual Studio Version 17
VisualStudioVersion = 17.4.33205.214
MinimumVisualStudioVersion = 10.0.40219.1
Project("{9A19103F-16F7-4668-BE54-9A1E7A4F7556}") = "Rebus.Configuration.Abstractions", "src\Rebus.Configuration\Rebus.Configuration.Abstractions\Rebus.Configuration.Abstractions.csproj", "{87E2B344-CA20-41ED-B342-2AE3E62F96D5}"
EndProject
Project("{9A19103F-16F7-4668-BE54-9A1E7A4F7556}") = "Rebus.Configuration.Selectors", "src\Rebus.Configuration\Rebus.Configuration.Selectors\Rebus.Configuration.Selectors.csproj", "{109CC204-CEBF-49BF-861A-DC357B58414C}"
EndProject
Project("{9A19103F-16F7-4668-BE54-9A1E7A4F7556}") = "Rebus.Configuration.Selectors.Tests", "test\Rebus.Configuration\Rebus.Configuration.Selectors.Tests\Rebus.Configuration.Selectors.Tests.csproj", "{5275CBD9-38D7-49DF-8193-B54E92733CEC}"
EndProject
Project("{FAE04EC0-301F-11D3-BF4B-00C04F79EFBC}") = "Rebus.Configuration.MsmqSelectors", "src\Rebus.Configuration\Rebus.Configuration.MsmqSelectors\Rebus.Configuration.MsmqSelectors.csproj", "{619C5428-7E8F-48E6-A470-819FFD599042}"
EndProject
Project("{9A19103F-16F7-4668-BE54-9A1E7A4F7556}") = "Rebus.Configuration.SqlServerSelectors", "src\Rebus.Configuration\Rebus.Configuration.SqlServerSelectors\Rebus.Configuration.SqlServerSelectors.csproj", "{7750D5E7-41C2-4D0E-8E84-78D51C8E67FC}"
EndProject
Project("{FAE04EC0-301F-11D3-BF4B-00C04F79EFBC}") = "Rebus.Operations.Core", "src\Rebus.Operations\Rebus.Operations.Core\Rebus.Operations.Core.csproj", "{9C8C26F8-E2B5-4D3D-B046-03CF2BF6BA3D}"
EndProject
Project("{FAE04EC0-301F-11D3-BF4B-00C04F79EFBC}") = "Rebus.Operations.Primitives", "src\Rebus.Operations\Rebus.Operations.Primitives\Rebus.Operations.Primitives.csproj", "{1F378946-2CD9-4A63-BB5D-29A5001679FB}"
EndProject
Project("{FAE04EC0-301F-11D3-BF4B-00C04F79EFBC}") = "Rebus.Operations.Abstractions", "src\Rebus.Operations\Rebus.Operations.Abstractions\Rebus.Operations.Abstractions.csproj", "{1A83C61F-396A-46A5-A718-06121D705C2D}"
EndProject
Project("{FAE04EC0-301F-11D3-BF4B-00C04F79EFBC}") = "Rebus.Operations.Tests", "test\Rebus.Operations.Tests\Rebus.Operations.Tests.csproj", "{D292704B-A6D1-4577-807C-5E58F5C593BE}"
EndProject
Project("{FAE04EC0-301F-11D3-BF4B-00C04F79EFBC}") = "Rebus.Operations.SimpleInjector", "src\Rebus.Operations\Rebus.Operations.SimpleInjector\Rebus.Operations.SimpleInjector.csproj", "{8E8CF6AA-9025-460A-B4E8-CA8A317F758D}"
EndProject
Project("{FAE04EC0-301F-11D3-BF4B-00C04F79EFBC}") = "Rebus.SimpleInjector", "src\Rebus.SimpleInjector\Rebus.SimpleInjector.csproj", "{7A693524-32D1-4D4F-B355-7DC1BC717BEC}"
EndProject
Project("{FAE04EC0-301F-11D3-BF4B-00C04F79EFBC}") = "Rebus.SimpleInjector.Tests", "test\Rebus.SimpleInjector.Tests\Rebus.SimpleInjector.Tests.csproj", "{539BED78-F196-4FA2-9E48-2185FE82444E}"
EndProject
Global
	GlobalSection(SolutionConfigurationPlatforms) = preSolution
		Debug|Any CPU = Debug|Any CPU
		Release|Any CPU = Release|Any CPU
	EndGlobalSection
	GlobalSection(ProjectConfigurationPlatforms) = postSolution
		{87E2B344-CA20-41ED-B342-2AE3E62F96D5}.Debug|Any CPU.ActiveCfg = Debug|Any CPU
		{87E2B344-CA20-41ED-B342-2AE3E62F96D5}.Debug|Any CPU.Build.0 = Debug|Any CPU
		{87E2B344-CA20-41ED-B342-2AE3E62F96D5}.Release|Any CPU.ActiveCfg = Release|Any CPU
		{87E2B344-CA20-41ED-B342-2AE3E62F96D5}.Release|Any CPU.Build.0 = Release|Any CPU
		{109CC204-CEBF-49BF-861A-DC357B58414C}.Debug|Any CPU.ActiveCfg = Debug|Any CPU
		{109CC204-CEBF-49BF-861A-DC357B58414C}.Debug|Any CPU.Build.0 = Debug|Any CPU
		{109CC204-CEBF-49BF-861A-DC357B58414C}.Release|Any CPU.ActiveCfg = Release|Any CPU
		{109CC204-CEBF-49BF-861A-DC357B58414C}.Release|Any CPU.Build.0 = Release|Any CPU
		{5275CBD9-38D7-49DF-8193-B54E92733CEC}.Debug|Any CPU.ActiveCfg = Debug|Any CPU
		{5275CBD9-38D7-49DF-8193-B54E92733CEC}.Debug|Any CPU.Build.0 = Debug|Any CPU
		{5275CBD9-38D7-49DF-8193-B54E92733CEC}.Release|Any CPU.ActiveCfg = Release|Any CPU
		{5275CBD9-38D7-49DF-8193-B54E92733CEC}.Release|Any CPU.Build.0 = Release|Any CPU
		{619C5428-7E8F-48E6-A470-819FFD599042}.Debug|Any CPU.ActiveCfg = Debug|Any CPU
		{619C5428-7E8F-48E6-A470-819FFD599042}.Debug|Any CPU.Build.0 = Debug|Any CPU
		{619C5428-7E8F-48E6-A470-819FFD599042}.Release|Any CPU.ActiveCfg = Release|Any CPU
		{619C5428-7E8F-48E6-A470-819FFD599042}.Release|Any CPU.Build.0 = Release|Any CPU
		{7750D5E7-41C2-4D0E-8E84-78D51C8E67FC}.Debug|Any CPU.ActiveCfg = Debug|Any CPU
		{7750D5E7-41C2-4D0E-8E84-78D51C8E67FC}.Debug|Any CPU.Build.0 = Debug|Any CPU
		{7750D5E7-41C2-4D0E-8E84-78D51C8E67FC}.Release|Any CPU.ActiveCfg = Release|Any CPU
		{7750D5E7-41C2-4D0E-8E84-78D51C8E67FC}.Release|Any CPU.Build.0 = Release|Any CPU
		{9C8C26F8-E2B5-4D3D-B046-03CF2BF6BA3D}.Debug|Any CPU.ActiveCfg = Debug|Any CPU
		{9C8C26F8-E2B5-4D3D-B046-03CF2BF6BA3D}.Debug|Any CPU.Build.0 = Debug|Any CPU
		{9C8C26F8-E2B5-4D3D-B046-03CF2BF6BA3D}.Release|Any CPU.ActiveCfg = Release|Any CPU
		{9C8C26F8-E2B5-4D3D-B046-03CF2BF6BA3D}.Release|Any CPU.Build.0 = Release|Any CPU
		{1F378946-2CD9-4A63-BB5D-29A5001679FB}.Debug|Any CPU.ActiveCfg = Debug|Any CPU
		{1F378946-2CD9-4A63-BB5D-29A5001679FB}.Debug|Any CPU.Build.0 = Debug|Any CPU
		{1F378946-2CD9-4A63-BB5D-29A5001679FB}.Release|Any CPU.ActiveCfg = Release|Any CPU
		{1F378946-2CD9-4A63-BB5D-29A5001679FB}.Release|Any CPU.Build.0 = Release|Any CPU
		{1A83C61F-396A-46A5-A718-06121D705C2D}.Debug|Any CPU.ActiveCfg = Debug|Any CPU
		{1A83C61F-396A-46A5-A718-06121D705C2D}.Debug|Any CPU.Build.0 = Debug|Any CPU
		{1A83C61F-396A-46A5-A718-06121D705C2D}.Release|Any CPU.ActiveCfg = Release|Any CPU
		{1A83C61F-396A-46A5-A718-06121D705C2D}.Release|Any CPU.Build.0 = Release|Any CPU
		{D292704B-A6D1-4577-807C-5E58F5C593BE}.Debug|Any CPU.ActiveCfg = Debug|Any CPU
		{D292704B-A6D1-4577-807C-5E58F5C593BE}.Debug|Any CPU.Build.0 = Debug|Any CPU
		{D292704B-A6D1-4577-807C-5E58F5C593BE}.Release|Any CPU.ActiveCfg = Release|Any CPU
		{D292704B-A6D1-4577-807C-5E58F5C593BE}.Release|Any CPU.Build.0 = Release|Any CPU
		{8E8CF6AA-9025-460A-B4E8-CA8A317F758D}.Debug|Any CPU.ActiveCfg = Debug|Any CPU
		{8E8CF6AA-9025-460A-B4E8-CA8A317F758D}.Debug|Any CPU.Build.0 = Debug|Any CPU
		{8E8CF6AA-9025-460A-B4E8-CA8A317F758D}.Release|Any CPU.ActiveCfg = Release|Any CPU
		{8E8CF6AA-9025-460A-B4E8-CA8A317F758D}.Release|Any CPU.Build.0 = Release|Any CPU
		{7A693524-32D1-4D4F-B355-7DC1BC717BEC}.Debug|Any CPU.ActiveCfg = Debug|Any CPU
		{7A693524-32D1-4D4F-B355-7DC1BC717BEC}.Debug|Any CPU.Build.0 = Debug|Any CPU
		{7A693524-32D1-4D4F-B355-7DC1BC717BEC}.Release|Any CPU.ActiveCfg = Release|Any CPU
		{7A693524-32D1-4D4F-B355-7DC1BC717BEC}.Release|Any CPU.Build.0 = Release|Any CPU
		{539BED78-F196-4FA2-9E48-2185FE82444E}.Debug|Any CPU.ActiveCfg = Debug|Any CPU
		{539BED78-F196-4FA2-9E48-2185FE82444E}.Debug|Any CPU.Build.0 = Debug|Any CPU
		{539BED78-F196-4FA2-9E48-2185FE82444E}.Release|Any CPU.ActiveCfg = Release|Any CPU
		{539BED78-F196-4FA2-9E48-2185FE82444E}.Release|Any CPU.Build.0 = Release|Any CPU
	EndGlobalSection
	GlobalSection(SolutionProperties) = preSolution
		HideSolutionNode = FALSE
	EndGlobalSection
	GlobalSection(ExtensibilityGlobals) = postSolution
		SolutionGuid = {4FBA61CB-2308-47F7-B294-B57828090CD3}
	EndGlobalSection
EndGlobal
